
Microsoft Visual Studio Solution File, Format Version 12.00
# Visual Studio Version 17
VisualStudioVersion = 17.0.31903.59
MinimumVisualStudioVersion = 10.0.40219.1
Project("{2150E333-8FDC-42A3-9474-1A3956D46DE8}") = "src", "src", "{0DEA3C47-316F-4F47-A9F4-A72C096329B4}"
EndProject
Project("{FAE04EC0-301F-11D3-BF4B-00C04F79EFBC}") = "AuctionService", "src\AuctionService\AuctionService.csproj", "{2579F4AA-54B0-4DC1-9F1E-4183210C2D71}"
EndProject
Project("{FAE04EC0-301F-11D3-BF4B-00C04F79EFBC}") = "SearchService", "src\SearchService\SearchService.csproj", "{FA8335D8-AC2E-4590-9E5E-E3FDFA40A766}"
EndProject
Project("{FAE04EC0-301F-11D3-BF4B-00C04F79EFBC}") = "Contracts", "src\Contracts\Contracts.csproj", "{722FBF28-822E-4CE3-95AB-BD69C3F08C97}"
EndProject
Global
	GlobalSection(SolutionConfigurationPlatforms) = preSolution
		Debug|Any CPU = Debug|Any CPU
		Release|Any CPU = Release|Any CPU
	EndGlobalSection
	GlobalSection(SolutionProperties) = preSolution
		HideSolutionNode = FALSE
	EndGlobalSection
	GlobalSection(ProjectConfigurationPlatforms) = postSolution
		{2579F4AA-54B0-4DC1-9F1E-4183210C2D71}.Debug|Any CPU.ActiveCfg = Debug|Any CPU
		{2579F4AA-54B0-4DC1-9F1E-4183210C2D71}.Debug|Any CPU.Build.0 = Debug|Any CPU
		{2579F4AA-54B0-4DC1-9F1E-4183210C2D71}.Release|Any CPU.ActiveCfg = Release|Any CPU
		{2579F4AA-54B0-4DC1-9F1E-4183210C2D71}.Release|Any CPU.Build.0 = Release|Any CPU
		{FA8335D8-AC2E-4590-9E5E-E3FDFA40A766}.Debug|Any CPU.ActiveCfg = Debug|Any CPU
		{FA8335D8-AC2E-4590-9E5E-E3FDFA40A766}.Debug|Any CPU.Build.0 = Debug|Any CPU
		{FA8335D8-AC2E-4590-9E5E-E3FDFA40A766}.Release|Any CPU.ActiveCfg = Release|Any CPU
		{FA8335D8-AC2E-4590-9E5E-E3FDFA40A766}.Release|Any CPU.Build.0 = Release|Any CPU
		{722FBF28-822E-4CE3-95AB-BD69C3F08C97}.Debug|Any CPU.ActiveCfg = Debug|Any CPU
		{722FBF28-822E-4CE3-95AB-BD69C3F08C97}.Debug|Any CPU.Build.0 = Debug|Any CPU
		{722FBF28-822E-4CE3-95AB-BD69C3F08C97}.Release|Any CPU.ActiveCfg = Release|Any CPU
		{722FBF28-822E-4CE3-95AB-BD69C3F08C97}.Release|Any CPU.Build.0 = Release|Any CPU
	EndGlobalSection
	GlobalSection(NestedProjects) = preSolution
		{2579F4AA-54B0-4DC1-9F1E-4183210C2D71} = {0DEA3C47-316F-4F47-A9F4-A72C096329B4}
		{FA8335D8-AC2E-4590-9E5E-E3FDFA40A766} = {0DEA3C47-316F-4F47-A9F4-A72C096329B4}
		{722FBF28-822E-4CE3-95AB-BD69C3F08C97} = {0DEA3C47-316F-4F47-A9F4-A72C096329B4}
	EndGlobalSection
EndGlobal
